// !$*UTF8*$!
{
	archiveVersion = 1;
	classes = {
	};
	objectVersion = 45;
	objects = {

/* Begin PBXBuildFile section */
		0013046A117646CA00D67E55 /* ControlsViewController.m in Sources */ = {isa = PBXBuildFile; fileRef = 00130469117646CA00D67E55 /* ControlsViewController.m */; };
		0024F3D21173CBD3003066B2 /* UIColor-Table.m in Sources */ = {isa = PBXBuildFile; fileRef = 0024F3BE1173CBD3003066B2 /* UIColor-Table.m */; };
		0024F3D41173CBD3003066B2 /* AbstractGenericViewController.m in Sources */ = {isa = PBXBuildFile; fileRef = 0024F3C31173CBD3003066B2 /* AbstractGenericViewController.m */; };
		0024F3D51173CBD3003066B2 /* DateViewController.m in Sources */ = {isa = PBXBuildFile; fileRef = 0024F3C51173CBD3003066B2 /* DateViewController.m */; };
		0024F3D61173CBD3003066B2 /* EditableSelectionListViewController.m in Sources */ = {isa = PBXBuildFile; fileRef = 0024F3C71173CBD3003066B2 /* EditableSelectionListViewController.m */; };
		0024F3D71173CBD3003066B2 /* LongTextFieldViewController.m in Sources */ = {isa = PBXBuildFile; fileRef = 0024F3C91173CBD3003066B2 /* LongTextFieldViewController.m */; };
		0024F3D81173CBD3003066B2 /* SelectionListViewController.m in Sources */ = {isa = PBXBuildFile; fileRef = 0024F3CB1173CBD3003066B2 /* SelectionListViewController.m */; };
		0024F3D91173CBD3003066B2 /* TextFieldEditingViewController.m in Sources */ = {isa = PBXBuildFile; fileRef = 0024F3CD1173CBD3003066B2 /* TextFieldEditingViewController.m */; };
		004FE80E1176511800264407 /* TableSection.m in Sources */ = {isa = PBXBuildFile; fileRef = 004FE80D1176511800264407 /* TableSection.m */; };
		00E48E5C117A78CE002FF4C6 /* ActivityCell.m in Sources */ = {isa = PBXBuildFile; fileRef = 00E48E53117A78CE002FF4C6 /* ActivityCell.m */; };
		00E48E5D117A78CE002FF4C6 /* ProgressCell.m in Sources */ = {isa = PBXBuildFile; fileRef = 00E48E55117A78CE002FF4C6 /* ProgressCell.m */; };
		00E48E5E117A78CE002FF4C6 /* SliderCell.m in Sources */ = {isa = PBXBuildFile; fileRef = 00E48E57117A78CE002FF4C6 /* SliderCell.m */; };
		00E48E5F117A78CE002FF4C6 /* SwitchCell.m in Sources */ = {isa = PBXBuildFile; fileRef = 00E48E59117A78CE002FF4C6 /* SwitchCell.m */; };
		00E48E60117A78CE002FF4C6 /* TableControlItem.m in Sources */ = {isa = PBXBuildFile; fileRef = 00E48E5B117A78CE002FF4C6 /* TableControlItem.m */; };
		00FC9A591174F6FF006FE2E1 /* ListViewController.m in Sources */ = {isa = PBXBuildFile; fileRef = 00FC9A581174F6FF006FE2E1 /* ListViewController.m */; };
		00FC9A781174F858006FE2E1 /* BasicList.m in Sources */ = {isa = PBXBuildFile; fileRef = 00FC9A771174F858006FE2E1 /* BasicList.m */; };
		00FC9AB61174F9E5006FE2E1 /* README.markdown in Resources */ = {isa = PBXBuildFile; fileRef = 00FC9AB51174F9E5006FE2E1 /* README.markdown */; };
		00FC9B75117504E6006FE2E1 /* MainWindow-iPad.xib in Resources */ = {isa = PBXBuildFile; fileRef = 00FC9B74117504E6006FE2E1 /* MainWindow-iPad.xib */; };
		00FC9C2911751499006FE2E1 /* ExampleTableItem.m in Sources */ = {isa = PBXBuildFile; fileRef = 00FC9C2811751499006FE2E1 /* ExampleTableItem.m */; };
		00FC9D33117520EA006FE2E1 /* TODO in Resources */ = {isa = PBXBuildFile; fileRef = 00FC9D32117520EA006FE2E1 /* TODO */; };
		00FC9D4D11753472006FE2E1 /* HTStyle.m in Sources */ = {isa = PBXBuildFile; fileRef = 00FC9D4C11753472006FE2E1 /* HTStyle.m */; };
		1D3623260D0F684500981E51 /* CatalogAppDelegate.m in Sources */ = {isa = PBXBuildFile; fileRef = 1D3623250D0F684500981E51 /* CatalogAppDelegate.m */; };
		1D60589B0D05DD56006BFB54 /* main.m in Sources */ = {isa = PBXBuildFile; fileRef = 29B97316FDCFA39411CA2CEA /* main.m */; };
		1D60589F0D05DD5A006BFB54 /* Foundation.framework in Frameworks */ = {isa = PBXBuildFile; fileRef = 1D30AB110D05D00D00671497 /* Foundation.framework */; };
		1DF5F4E00D08C38300B7A737 /* UIKit.framework in Frameworks */ = {isa = PBXBuildFile; fileRef = 1DF5F4DF0D08C38300B7A737 /* UIKit.framework */; };
		2892E4100DC94CBA00A64D0F /* CoreGraphics.framework in Frameworks */ = {isa = PBXBuildFile; fileRef = 2892E40F0DC94CBA00A64D0F /* CoreGraphics.framework */; };
		28AD73600D9D9599002E5188 /* MainWindow.xib in Resources */ = {isa = PBXBuildFile; fileRef = 28AD735F0D9D9599002E5188 /* MainWindow.xib */; };
		28C286E10D94DF7D0034E888 /* RootViewController.m in Sources */ = {isa = PBXBuildFile; fileRef = 28C286E00D94DF7D0034E888 /* RootViewController.m */; };
		28F335F11007B36200424DE2 /* RootViewController.xib in Resources */ = {isa = PBXBuildFile; fileRef = 28F335F01007B36200424DE2 /* RootViewController.xib */; };
/* End PBXBuildFile section */

/* Begin PBXFileReference section */
		00130468117646CA00D67E55 /* ControlsViewController.h */ = {isa = PBXFileReference; fileEncoding = 4; lastKnownFileType = sourcecode.c.h; path = ControlsViewController.h; sourceTree = "<group>"; };
		00130469117646CA00D67E55 /* ControlsViewController.m */ = {isa = PBXFileReference; fileEncoding = 4; lastKnownFileType = sourcecode.c.objc; path = ControlsViewController.m; sourceTree = "<group>"; };
		0024F3BD1173CBD3003066B2 /* UIColor-Table.h */ = {isa = PBXFileReference; fileEncoding = 4; lastKnownFileType = sourcecode.c.h; path = "UIColor-Table.h"; sourceTree = "<group>"; };
		0024F3BE1173CBD3003066B2 /* UIColor-Table.m */ = {isa = PBXFileReference; fileEncoding = 4; lastKnownFileType = sourcecode.c.objc; path = "UIColor-Table.m"; sourceTree = "<group>"; };
		0024F3C21173CBD3003066B2 /* AbstractGenericViewController.h */ = {isa = PBXFileReference; fileEncoding = 4; lastKnownFileType = sourcecode.c.h; path = AbstractGenericViewController.h; sourceTree = "<group>"; };
		0024F3C31173CBD3003066B2 /* AbstractGenericViewController.m */ = {isa = PBXFileReference; fileEncoding = 4; lastKnownFileType = sourcecode.c.objc; path = AbstractGenericViewController.m; sourceTree = "<group>"; };
		0024F3C41173CBD3003066B2 /* DateViewController.h */ = {isa = PBXFileReference; fileEncoding = 4; lastKnownFileType = sourcecode.c.h; path = DateViewController.h; sourceTree = "<group>"; };
		0024F3C51173CBD3003066B2 /* DateViewController.m */ = {isa = PBXFileReference; fileEncoding = 4; lastKnownFileType = sourcecode.c.objc; path = DateViewController.m; sourceTree = "<group>"; };
		0024F3C61173CBD3003066B2 /* EditableSelectionListViewController.h */ = {isa = PBXFileReference; fileEncoding = 4; lastKnownFileType = sourcecode.c.h; path = EditableSelectionListViewController.h; sourceTree = "<group>"; };
		0024F3C71173CBD3003066B2 /* EditableSelectionListViewController.m */ = {isa = PBXFileReference; fileEncoding = 4; lastKnownFileType = sourcecode.c.objc; path = EditableSelectionListViewController.m; sourceTree = "<group>"; };
		0024F3C81173CBD3003066B2 /* LongTextFieldViewController.h */ = {isa = PBXFileReference; fileEncoding = 4; lastKnownFileType = sourcecode.c.h; path = LongTextFieldViewController.h; sourceTree = "<group>"; };
		0024F3C91173CBD3003066B2 /* LongTextFieldViewController.m */ = {isa = PBXFileReference; fileEncoding = 4; lastKnownFileType = sourcecode.c.objc; path = LongTextFieldViewController.m; sourceTree = "<group>"; };
		0024F3CA1173CBD3003066B2 /* SelectionListViewController.h */ = {isa = PBXFileReference; fileEncoding = 4; lastKnownFileType = sourcecode.c.h; path = SelectionListViewController.h; sourceTree = "<group>"; };
		0024F3CB1173CBD3003066B2 /* SelectionListViewController.m */ = {isa = PBXFileReference; fileEncoding = 4; lastKnownFileType = sourcecode.c.objc; path = SelectionListViewController.m; sourceTree = "<group>"; };
		0024F3CC1173CBD3003066B2 /* TextFieldEditingViewController.h */ = {isa = PBXFileReference; fileEncoding = 4; lastKnownFileType = sourcecode.c.h; path = TextFieldEditingViewController.h; sourceTree = "<group>"; };
		0024F3CD1173CBD3003066B2 /* TextFieldEditingViewController.m */ = {isa = PBXFileReference; fileEncoding = 4; lastKnownFileType = sourcecode.c.objc; path = TextFieldEditingViewController.m; sourceTree = "<group>"; };
		004FE80C1176511800264407 /* TableSection.h */ = {isa = PBXFileReference; fileEncoding = 4; lastKnownFileType = sourcecode.c.h; path = TableSection.h; sourceTree = "<group>"; };
		004FE80D1176511800264407 /* TableSection.m */ = {isa = PBXFileReference; fileEncoding = 4; lastKnownFileType = sourcecode.c.objc; path = TableSection.m; sourceTree = "<group>"; };
		00E48E52117A78CE002FF4C6 /* ActivityCell.h */ = {isa = PBXFileReference; fileEncoding = 4; lastKnownFileType = sourcecode.c.h; path = ActivityCell.h; sourceTree = "<group>"; };
		00E48E53117A78CE002FF4C6 /* ActivityCell.m */ = {isa = PBXFileReference; fileEncoding = 4; lastKnownFileType = sourcecode.c.objc; path = ActivityCell.m; sourceTree = "<group>"; };
		00E48E54117A78CE002FF4C6 /* ProgressCell.h */ = {isa = PBXFileReference; fileEncoding = 4; lastKnownFileType = sourcecode.c.h; path = ProgressCell.h; sourceTree = "<group>"; };
		00E48E55117A78CE002FF4C6 /* ProgressCell.m */ = {isa = PBXFileReference; fileEncoding = 4; lastKnownFileType = sourcecode.c.objc; path = ProgressCell.m; sourceTree = "<group>"; };
		00E48E56117A78CE002FF4C6 /* SliderCell.h */ = {isa = PBXFileReference; fileEncoding = 4; lastKnownFileType = sourcecode.c.h; path = SliderCell.h; sourceTree = "<group>"; };
		00E48E57117A78CE002FF4C6 /* SliderCell.m */ = {isa = PBXFileReference; fileEncoding = 4; lastKnownFileType = sourcecode.c.objc; path = SliderCell.m; sourceTree = "<group>"; };
		00E48E58117A78CE002FF4C6 /* SwitchCell.h */ = {isa = PBXFileReference; fileEncoding = 4; lastKnownFileType = sourcecode.c.h; path = SwitchCell.h; sourceTree = "<group>"; };
		00E48E59117A78CE002FF4C6 /* SwitchCell.m */ = {isa = PBXFileReference; fileEncoding = 4; lastKnownFileType = sourcecode.c.objc; path = SwitchCell.m; sourceTree = "<group>"; };
		00E48E5A117A78CE002FF4C6 /* TableControlItem.h */ = {isa = PBXFileReference; fileEncoding = 4; lastKnownFileType = sourcecode.c.h; path = TableControlItem.h; sourceTree = "<group>"; };
		00E48E5B117A78CE002FF4C6 /* TableControlItem.m */ = {isa = PBXFileReference; fileEncoding = 4; lastKnownFileType = sourcecode.c.objc; path = TableControlItem.m; sourceTree = "<group>"; };
		00FC9A571174F6FF006FE2E1 /* ListViewController.h */ = {isa = PBXFileReference; fileEncoding = 4; lastKnownFileType = sourcecode.c.h; path = ListViewController.h; sourceTree = "<group>"; };
		00FC9A581174F6FF006FE2E1 /* ListViewController.m */ = {isa = PBXFileReference; fileEncoding = 4; lastKnownFileType = sourcecode.c.objc; path = ListViewController.m; sourceTree = "<group>"; };
		00FC9A761174F858006FE2E1 /* BasicList.h */ = {isa = PBXFileReference; fileEncoding = 4; lastKnownFileType = sourcecode.c.h; path = BasicList.h; sourceTree = "<group>"; };
		00FC9A771174F858006FE2E1 /* BasicList.m */ = {isa = PBXFileReference; fileEncoding = 4; lastKnownFileType = sourcecode.c.objc; path = BasicList.m; sourceTree = "<group>"; };
		00FC9A9E1174F966006FE2E1 /* HTFramework.h */ = {isa = PBXFileReference; fileEncoding = 4; lastKnownFileType = sourcecode.c.h; path = HTFramework.h; sourceTree = "<group>"; };
		00FC9AB51174F9E5006FE2E1 /* README.markdown */ = {isa = PBXFileReference; fileEncoding = 4; lastKnownFileType = text; name = README.markdown; path = ../README.markdown; sourceTree = SOURCE_ROOT; };
		00FC9B74117504E6006FE2E1 /* MainWindow-iPad.xib */ = {isa = PBXFileReference; lastKnownFileType = file.xib; name = "MainWindow-iPad.xib"; path = "Resources-iPad/MainWindow-iPad.xib"; sourceTree = "<group>"; };
		00FC9C2711751499006FE2E1 /* ExampleTableItem.h */ = {isa = PBXFileReference; fileEncoding = 4; lastKnownFileType = sourcecode.c.h; path = ExampleTableItem.h; sourceTree = "<group>"; };
		00FC9C2811751499006FE2E1 /* ExampleTableItem.m */ = {isa = PBXFileReference; fileEncoding = 4; lastKnownFileType = sourcecode.c.objc; path = ExampleTableItem.m; sourceTree = "<group>"; };
		00FC9D32117520EA006FE2E1 /* TODO */ = {isa = PBXFileReference; fileEncoding = 4; lastKnownFileType = text; path = TODO; sourceTree = "<group>"; };
		00FC9D4B11753472006FE2E1 /* HTStyle.h */ = {isa = PBXFileReference; fileEncoding = 4; lastKnownFileType = sourcecode.c.h; path = HTStyle.h; sourceTree = "<group>"; };
		00FC9D4C11753472006FE2E1 /* HTStyle.m */ = {isa = PBXFileReference; fileEncoding = 4; lastKnownFileType = sourcecode.c.objc; path = HTStyle.m; sourceTree = "<group>"; };
		1D30AB110D05D00D00671497 /* Foundation.framework */ = {isa = PBXFileReference; lastKnownFileType = wrapper.framework; name = Foundation.framework; path = System/Library/Frameworks/Foundation.framework; sourceTree = SDKROOT; };
		1D3623240D0F684500981E51 /* CatalogAppDelegate.h */ = {isa = PBXFileReference; fileEncoding = 4; lastKnownFileType = sourcecode.c.h; path = CatalogAppDelegate.h; sourceTree = "<group>"; };
		1D3623250D0F684500981E51 /* CatalogAppDelegate.m */ = {isa = PBXFileReference; fileEncoding = 4; lastKnownFileType = sourcecode.c.objc; path = CatalogAppDelegate.m; sourceTree = "<group>"; };
		1D6058910D05DD3D006BFB54 /* Catalog.app */ = {isa = PBXFileReference; explicitFileType = wrapper.application; includeInIndex = 0; path = Catalog.app; sourceTree = BUILT_PRODUCTS_DIR; };
		1DF5F4DF0D08C38300B7A737 /* UIKit.framework */ = {isa = PBXFileReference; lastKnownFileType = wrapper.framework; name = UIKit.framework; path = System/Library/Frameworks/UIKit.framework; sourceTree = SDKROOT; };
		2892E40F0DC94CBA00A64D0F /* CoreGraphics.framework */ = {isa = PBXFileReference; lastKnownFileType = wrapper.framework; name = CoreGraphics.framework; path = System/Library/Frameworks/CoreGraphics.framework; sourceTree = SDKROOT; };
		28A0AAE50D9B0CCF005BE974 /* Catalog_Prefix.pch */ = {isa = PBXFileReference; fileEncoding = 4; lastKnownFileType = sourcecode.c.h; path = Catalog_Prefix.pch; sourceTree = "<group>"; };
		28AD735F0D9D9599002E5188 /* MainWindow.xib */ = {isa = PBXFileReference; lastKnownFileType = file.xib; path = MainWindow.xib; sourceTree = "<group>"; };
		28C286DF0D94DF7D0034E888 /* RootViewController.h */ = {isa = PBXFileReference; fileEncoding = 4; lastKnownFileType = sourcecode.c.h; path = RootViewController.h; sourceTree = "<group>"; };
		28C286E00D94DF7D0034E888 /* RootViewController.m */ = {isa = PBXFileReference; fileEncoding = 4; lastKnownFileType = sourcecode.c.objc; path = RootViewController.m; sourceTree = "<group>"; };
		28F335F01007B36200424DE2 /* RootViewController.xib */ = {isa = PBXFileReference; lastKnownFileType = file.xib; path = RootViewController.xib; sourceTree = "<group>"; };
		29B97316FDCFA39411CA2CEA /* main.m */ = {isa = PBXFileReference; fileEncoding = 4; lastKnownFileType = sourcecode.c.objc; path = main.m; sourceTree = "<group>"; };
		8D1107310486CEB800E47090 /* Catalog-Info.plist */ = {isa = PBXFileReference; fileEncoding = 4; lastKnownFileType = text.plist.xml; path = "Catalog-Info.plist"; plistStructureDefinitionIdentifier = "com.apple.xcode.plist.structure-definition.iphone.info-plist"; sourceTree = "<group>"; };
/* End PBXFileReference section */

/* Begin PBXFrameworksBuildPhase section */
		1D60588F0D05DD3D006BFB54 /* Frameworks */ = {
			isa = PBXFrameworksBuildPhase;
			buildActionMask = 2147483647;
			files = (
				1D60589F0D05DD5A006BFB54 /* Foundation.framework in Frameworks */,
				1DF5F4E00D08C38300B7A737 /* UIKit.framework in Frameworks */,
				2892E4100DC94CBA00A64D0F /* CoreGraphics.framework in Frameworks */,
			);
			runOnlyForDeploymentPostprocessing = 0;
		};
/* End PBXFrameworksBuildPhase section */

/* Begin PBXGroup section */
		00130465117646B200D67E55 /* Apple */ = {
			isa = PBXGroup;
			children = (
				00130466117646B900D67E55 /* UICatalog */,
			);
			name = Apple;
			sourceTree = "<group>";
		};
		00130466117646B900D67E55 /* UICatalog */ = {
			isa = PBXGroup;
			children = (
				00130468117646CA00D67E55 /* ControlsViewController.h */,
				00130469117646CA00D67E55 /* ControlsViewController.m */,
			);
			name = UICatalog;
			sourceTree = "<group>";
		};
		0024F3B21173CBD3003066B2 /* src */ = {
			isa = PBXGroup;
			children = (
				00130465117646B200D67E55 /* Apple */,
				00E48E51117A78CE002FF4C6 /* Cells */,
				00FC9A571174F6FF006FE2E1 /* ListViewController.h */,
				00FC9A581174F6FF006FE2E1 /* ListViewController.m */,
				0024F3B31173CBD3003066B2 /* iPhoneBits */,
				00FC9A9E1174F966006FE2E1 /* HTFramework.h */,
				00FC9D4B11753472006FE2E1 /* HTStyle.h */,
				00FC9D4C11753472006FE2E1 /* HTStyle.m */,
				004FE80C1176511800264407 /* TableSection.h */,
				004FE80D1176511800264407 /* TableSection.m */,
			);
			name = src;
			path = ../src;
			sourceTree = SOURCE_ROOT;
		};
		0024F3B31173CBD3003066B2 /* iPhoneBits */ = {
			isa = PBXGroup;
			children = (
				0024F3B41173CBD3003066B2 /* Categories */,
				0024F3C11173CBD3003066B2 /* Generic Controllers */,
			);
			path = iPhoneBits;
			sourceTree = "<group>";
		};
		0024F3B41173CBD3003066B2 /* Categories */ = {
			isa = PBXGroup;
			children = (
				0024F3BD1173CBD3003066B2 /* UIColor-Table.h */,
				0024F3BE1173CBD3003066B2 /* UIColor-Table.m */,
			);
			path = Categories;
			sourceTree = "<group>";
		};
		0024F3C11173CBD3003066B2 /* Generic Controllers */ = {
			isa = PBXGroup;
			children = (
				0024F3C21173CBD3003066B2 /* AbstractGenericViewController.h */,
				0024F3C31173CBD3003066B2 /* AbstractGenericViewController.m */,
				0024F3C41173CBD3003066B2 /* DateViewController.h */,
				0024F3C51173CBD3003066B2 /* DateViewController.m */,
				0024F3C61173CBD3003066B2 /* EditableSelectionListViewController.h */,
				0024F3C71173CBD3003066B2 /* EditableSelectionListViewController.m */,
				0024F3C81173CBD3003066B2 /* LongTextFieldViewController.h */,
				0024F3C91173CBD3003066B2 /* LongTextFieldViewController.m */,
				0024F3CA1173CBD3003066B2 /* SelectionListViewController.h */,
				0024F3CB1173CBD3003066B2 /* SelectionListViewController.m */,
				0024F3CC1173CBD3003066B2 /* TextFieldEditingViewController.h */,
				0024F3CD1173CBD3003066B2 /* TextFieldEditingViewController.m */,
			);
			path = "Generic Controllers";
			sourceTree = "<group>";
		};
		00E48E47117A781F002FF4C6 /* Examples */ = {
			isa = PBXGroup;
			children = (
				00FC9A761174F858006FE2E1 /* BasicList.h */,
				00FC9A771174F858006FE2E1 /* BasicList.m */,
			);
			name = Examples;
			sourceTree = "<group>";
		};
		00E48E51117A78CE002FF4C6 /* Cells */ = {
			isa = PBXGroup;
			children = (
				00E48E52117A78CE002FF4C6 /* ActivityCell.h */,
				00E48E53117A78CE002FF4C6 /* ActivityCell.m */,
				00E48E54117A78CE002FF4C6 /* ProgressCell.h */,
				00E48E55117A78CE002FF4C6 /* ProgressCell.m */,
				00E48E56117A78CE002FF4C6 /* SliderCell.h */,
				00E48E57117A78CE002FF4C6 /* SliderCell.m */,
				00E48E58117A78CE002FF4C6 /* SwitchCell.h */,
				00E48E59117A78CE002FF4C6 /* SwitchCell.m */,
				00E48E5A117A78CE002FF4C6 /* TableControlItem.h */,
				00E48E5B117A78CE002FF4C6 /* TableControlItem.m */,
			);
			path = Cells;
			sourceTree = "<group>";
		};
		00FC9B73117504E5006FE2E1 /* Resources-iPad */ = {
			isa = PBXGroup;
			children = (
				00FC9B74117504E6006FE2E1 /* MainWindow-iPad.xib */,
			);
			name = "Resources-iPad";
			sourceTree = "<group>";
		};
		080E96DDFE201D6D7F000001 /* Classes */ = {
			isa = PBXGroup;
			children = (
				00E48E47117A781F002FF4C6 /* Examples */,
				28C286DF0D94DF7D0034E888 /* RootViewController.h */,
				28C286E00D94DF7D0034E888 /* RootViewController.m */,
				1D3623240D0F684500981E51 /* CatalogAppDelegate.h */,
				1D3623250D0F684500981E51 /* CatalogAppDelegate.m */,
				00FC9C2711751499006FE2E1 /* ExampleTableItem.h */,
				00FC9C2811751499006FE2E1 /* ExampleTableItem.m */,
			);
			path = Classes;
			sourceTree = "<group>";
		};
		19C28FACFE9D520D11CA2CBB /* Products */ = {
			isa = PBXGroup;
			children = (
				1D6058910D05DD3D006BFB54 /* Catalog.app */,
			);
			name = Products;
			sourceTree = "<group>";
		};
		29B97314FDCFA39411CA2CEA /* CustomTemplate */ = {
			isa = PBXGroup;
			children = (
				00FC9D32117520EA006FE2E1 /* TODO */,
				00FC9AB51174F9E5006FE2E1 /* README.markdown */,
				0024F3B21173CBD3003066B2 /* src */,
				080E96DDFE201D6D7F000001 /* Classes */,
				29B97315FDCFA39411CA2CEA /* Other Sources */,
				29B97317FDCFA39411CA2CEA /* Resources */,
				00FC9B73117504E5006FE2E1 /* Resources-iPad */,
				29B97323FDCFA39411CA2CEA /* Frameworks */,
				19C28FACFE9D520D11CA2CBB /* Products */,
			);
			name = CustomTemplate;
			sourceTree = "<group>";
		};
		29B97315FDCFA39411CA2CEA /* Other Sources */ = {
			isa = PBXGroup;
			children = (
				28A0AAE50D9B0CCF005BE974 /* Catalog_Prefix.pch */,
				29B97316FDCFA39411CA2CEA /* main.m */,
			);
			name = "Other Sources";
			sourceTree = "<group>";
		};
		29B97317FDCFA39411CA2CEA /* Resources */ = {
			isa = PBXGroup;
			children = (
				28F335F01007B36200424DE2 /* RootViewController.xib */,
				28AD735F0D9D9599002E5188 /* MainWindow.xib */,
				8D1107310486CEB800E47090 /* Catalog-Info.plist */,
			);
			name = Resources;
			sourceTree = "<group>";
		};
		29B97323FDCFA39411CA2CEA /* Frameworks */ = {
			isa = PBXGroup;
			children = (
				1DF5F4DF0D08C38300B7A737 /* UIKit.framework */,
				1D30AB110D05D00D00671497 /* Foundation.framework */,
				2892E40F0DC94CBA00A64D0F /* CoreGraphics.framework */,
			);
			name = Frameworks;
			sourceTree = "<group>";
		};
/* End PBXGroup section */

/* Begin PBXNativeTarget section */
		1D6058900D05DD3D006BFB54 /* Catalog */ = {
			isa = PBXNativeTarget;
			buildConfigurationList = 1D6058960D05DD3E006BFB54 /* Build configuration list for PBXNativeTarget "Catalog" */;
			buildPhases = (
				1D60588D0D05DD3D006BFB54 /* Resources */,
				1D60588E0D05DD3D006BFB54 /* Sources */,
				1D60588F0D05DD3D006BFB54 /* Frameworks */,
			);
			buildRules = (
			);
			dependencies = (
			);
			name = Catalog;
			productName = Catalog;
			productReference = 1D6058910D05DD3D006BFB54 /* Catalog.app */;
			productType = "com.apple.product-type.application";
		};
/* End PBXNativeTarget section */

/* Begin PBXProject section */
		29B97313FDCFA39411CA2CEA /* Project object */ = {
			isa = PBXProject;
			buildConfigurationList = C01FCF4E08A954540054247B /* Build configuration list for PBXProject "Catalog" */;
			compatibilityVersion = "Xcode 3.1";
			hasScannedForEncodings = 1;
			knownRegions = (
				English,
				Japanese,
				French,
				German,
				en,
			);
			mainGroup = 29B97314FDCFA39411CA2CEA /* CustomTemplate */;
			projectDirPath = "";
			projectRoot = "";
			targets = (
				1D6058900D05DD3D006BFB54 /* Catalog */,
			);
		};
/* End PBXProject section */

/* Begin PBXResourcesBuildPhase section */
		1D60588D0D05DD3D006BFB54 /* Resources */ = {
			isa = PBXResourcesBuildPhase;
			buildActionMask = 2147483647;
			files = (
				28AD73600D9D9599002E5188 /* MainWindow.xib in Resources */,
				28F335F11007B36200424DE2 /* RootViewController.xib in Resources */,
				00FC9AB61174F9E5006FE2E1 /* README.markdown in Resources */,
				00FC9B75117504E6006FE2E1 /* MainWindow-iPad.xib in Resources */,
				00FC9D33117520EA006FE2E1 /* TODO in Resources */,
			);
			runOnlyForDeploymentPostprocessing = 0;
		};
/* End PBXResourcesBuildPhase section */

/* Begin PBXSourcesBuildPhase section */
		1D60588E0D05DD3D006BFB54 /* Sources */ = {
			isa = PBXSourcesBuildPhase;
			buildActionMask = 2147483647;
			files = (
				1D60589B0D05DD56006BFB54 /* main.m in Sources */,
				1D3623260D0F684500981E51 /* CatalogAppDelegate.m in Sources */,
				28C286E10D94DF7D0034E888 /* RootViewController.m in Sources */,
				0024F3D21173CBD3003066B2 /* UIColor-Table.m in Sources */,
				0024F3D41173CBD3003066B2 /* AbstractGenericViewController.m in Sources */,
				0024F3D51173CBD3003066B2 /* DateViewController.m in Sources */,
				0024F3D61173CBD3003066B2 /* EditableSelectionListViewController.m in Sources */,
				0024F3D71173CBD3003066B2 /* LongTextFieldViewController.m in Sources */,
				0024F3D81173CBD3003066B2 /* SelectionListViewController.m in Sources */,
				0024F3D91173CBD3003066B2 /* TextFieldEditingViewController.m in Sources */,
				00FC9A591174F6FF006FE2E1 /* ListViewController.m in Sources */,
				00FC9A781174F858006FE2E1 /* BasicList.m in Sources */,
				00FC9C2911751499006FE2E1 /* ExampleTableItem.m in Sources */,
				00FC9D4D11753472006FE2E1 /* HTStyle.m in Sources */,
				0013046A117646CA00D67E55 /* ControlsViewController.m in Sources */,
				004FE80E1176511800264407 /* TableSection.m in Sources */,
				00E48E5C117A78CE002FF4C6 /* ActivityCell.m in Sources */,
				00E48E5D117A78CE002FF4C6 /* ProgressCell.m in Sources */,
				00E48E5E117A78CE002FF4C6 /* SliderCell.m in Sources */,
				00E48E5F117A78CE002FF4C6 /* SwitchCell.m in Sources */,
				00E48E60117A78CE002FF4C6 /* TableControlItem.m in Sources */,
			);
			runOnlyForDeploymentPostprocessing = 0;
		};
/* End PBXSourcesBuildPhase section */

/* Begin XCBuildConfiguration section */
		1D6058940D05DD3E006BFB54 /* Debug */ = {
			isa = XCBuildConfiguration;
			buildSettings = {
				ALWAYS_SEARCH_USER_PATHS = NO;
				ARCHS = "$(ARCHS_UNIVERSAL_IPHONE_OS)";
				COPY_PHASE_STRIP = NO;
				GCC_DYNAMIC_NO_PIC = NO;
				GCC_OPTIMIZATION_LEVEL = 0;
				GCC_PRECOMPILE_PREFIX_HEADER = YES;
				GCC_PREFIX_HEADER = Catalog_Prefix.pch;
				INFOPLIST_FILE = "Catalog-Info.plist";
				IPHONEOS_DEPLOYMENT_TARGET = 3.1.3;
				PRODUCT_NAME = Catalog;
				RUN_CLANG_STATIC_ANALYZER = YES;
				SDKROOT = iphoneos3.2;
				TARGETED_DEVICE_FAMILY = "1,2";
			};
			name = Debug;
		};
		1D6058950D05DD3E006BFB54 /* Release */ = {
			isa = XCBuildConfiguration;
			buildSettings = {
				ALWAYS_SEARCH_USER_PATHS = NO;
				ARCHS = "$(ARCHS_UNIVERSAL_IPHONE_OS)";
				COPY_PHASE_STRIP = YES;
				GCC_PRECOMPILE_PREFIX_HEADER = YES;
				GCC_PREFIX_HEADER = Catalog_Prefix.pch;
				INFOPLIST_FILE = "Catalog-Info.plist";
				IPHONEOS_DEPLOYMENT_TARGET = 3.1.3;
				PRODUCT_NAME = Catalog;
				RUN_CLANG_STATIC_ANALYZER = YES;
				SDKROOT = iphoneos3.2;
				TARGETED_DEVICE_FAMILY = "1,2";
			};
			name = Release;
		};
		C01FCF4F08A954540054247B /* Debug */ = {
			isa = XCBuildConfiguration;
			buildSettings = {
				ARCHS = "$(ARCHS_STANDARD_32_BIT)";
				"CODE_SIGN_IDENTITY[sdk=iphoneos*]" = "iPhone Developer";
				GCC_C_LANGUAGE_STANDARD = c99;
				GCC_WARN_ABOUT_RETURN_TYPE = YES;
				GCC_WARN_UNUSED_VARIABLE = YES;
				PREBINDING = NO;
				SDKROOT = iphoneos3.1.3;
			};
			name = Debug;
		};
		C01FCF5008A954540054247B /* Release */ = {
			isa = XCBuildConfiguration;
			buildSettings = {
				ARCHS = "$(ARCHS_STANDARD_32_BIT)";
				"CODE_SIGN_IDENTITY[sdk=iphoneos*]" = "iPhone Developer";
				GCC_C_LANGUAGE_STANDARD = c99;
				GCC_WARN_ABOUT_RETURN_TYPE = YES;
				GCC_WARN_UNUSED_VARIABLE = YES;
				PREBINDING = NO;
				SDKROOT = iphoneos3.1.3;
			};
			name = Release;
		};
/* End XCBuildConfiguration section */

/* Begin XCConfigurationList section */
		1D6058960D05DD3E006BFB54 /* Build configuration list for PBXNativeTarget "Catalog" */ = {
			isa = XCConfigurationList;
			buildConfigurations = (
				1D6058940D05DD3E006BFB54 /* Debug */,
				1D6058950D05DD3E006BFB54 /* Release */,
			);
			defaultConfigurationIsVisible = 0;
			defaultConfigurationName = Release;
		};
		C01FCF4E08A954540054247B /* Build configuration list for PBXProject "Catalog" */ = {
			isa = XCConfigurationList;
			buildConfigurations = (
				C01FCF4F08A954540054247B /* Debug */,
				C01FCF5008A954540054247B /* Release */,
			);
			defaultConfigurationIsVisible = 0;
			defaultConfigurationName = Release;
		};
/* End XCConfigurationList section */
	};
	rootObject = 29B97313FDCFA39411CA2CEA /* Project object */;
}
